<?xml version="1.0" encoding="UTF-8" standalone="yes" ?>
<CodeBlocks_project_file>
	<FileVersion major="1" minor="6" />
	<Project>
		<Option title="nanoOS_Demo" />
		<Option pch_mode="2" />
		<Option compiler="gcc" />
		<Build>
			<Target title="Debug">
				<Option output="bin/Debug/nanoOS_Demo" prefix_auto="1" extension_auto="1" />
				<Option object_output="obj/Debug/" />
				<Option type="1" />
				<Option compiler="gcc" />
				<Compiler>
					<Add option="-g" />
					<Add directory="../app" />
					<Add directory="../bsp" />
					<Add directory="../sys" />
					<Add directory="../mod" />
					<Add directory="../sys/core" />
					<Add directory="../sys/lib" />
				</Compiler>
			</Target>
			<Target title="Release">
				<Option output="bin/Release/nanoOS_Demo" prefix_auto="1" extension_auto="1" />
				<Option object_output="obj/Release/" />
				<Option type="1" />
				<Option compiler="gcc" />
				<Compiler>
					<Add option="-O2" />
					<Add directory="../app" />
					<Add directory="../bsp" />
					<Add directory="../sys" />
					<Add directory="../mod" />
					<Add directory="../sys/core" />
					<Add directory="../sys/lib" />
				</Compiler>
				<Linker>
					<Add option="-s" />
				</Linker>
			</Target>
		</Build>
		<Compiler>
			<Add option="-Wall" />
			<Add directory="../app" />
			<Add directory="../bsp" />
			<Add directory="../sys" />
			<Add directory="../mod" />
			<Add directory="../sys/core" />
			<Add directory="../sys/lib" />
		</Compiler>
		<Unit filename="../app/main.c">
			<Option compilerVar="CC" />
		</Unit>
		<Unit filename="../app/main.h" />
		<Unit filename="../app/task_main.c">
			<Option compilerVar="CC" />
		</Unit>
		<Unit filename="../app/task_main.h" />
		<Unit filename="../bsp/bsp.c">
			<Option compilerVar="CC" />
		</Unit>
		<Unit filename="../bsp/bsp.h" />
		<Unit filename="../bsp/bsp_uart.c">
			<Option compilerVar="CC" />
		</Unit>
		<Unit filename="../bsp/bsp_uart.h" />
		<Unit filename="../mod/mod_key/app_key.c">
			<Option compilerVar="CC" />
		</Unit>
		<Unit filename="../mod/mod_key/app_key.h" />
		<Unit filename="../mod/mod_key/bsp_key.c">
			<Option compilerVar="CC" />
		</Unit>
		<Unit filename="../mod/mod_key/bsp_key.h" />
		<Unit filename="../mod/mod_key/task_key.c">
			<Option compilerVar="CC" />
		</Unit>
		<Unit filename="../mod/mod_key/task_key.h" />
		<Unit filename="../mod/mod_led/app_led.c">
			<Option compilerVar="CC" />
		</Unit>
		<Unit filename="../mod/mod_led/app_led.h" />
		<Unit filename="../mod/mod_led/bsp_led.c">
			<Option compilerVar="CC" />
		</Unit>
		<Unit filename="../mod/mod_led/bsp_led.h" />
		<Unit filename="../mod/mod_led/task_led.c">
			<Option compilerVar="CC" />
		</Unit>
		<Unit filename="../mod/mod_led/task_led.h" />
		<Unit filename="../sys/core/os_api.h" />
		<Unit filename="../sys/core/os_cfg.h" />
		<Unit filename="../sys/core/os_core.c">
			<Option compilerVar="CC" />
		</Unit>
		<Unit filename="../sys/core/os_cpu.h" />
		<Unit filename="../sys/core/os_port.c">
			<Option compilerVar="CC" />
		</Unit>
		<Unit filename="../sys/core/os_timer.c">
			<Option compilerVar="CC" />
		</Unit>
		<Unit filename="../sys/core/os_type.h" />
		<Unit filename="../sys/lib/lib_ascii.c">
			<Option compilerVar="CC" />
		</Unit>
		<Unit filename="../sys/lib/lib_ascii.h" />
		<Unit filename="../sys/lib/lib_def.h" />
		<Unit filename="../sys/lib/lib_list.c">
			<Option compilerVar="CC" />
		</Unit>
		<Unit filename="../sys/lib/lib_list.h" />
		<Unit filename="../sys/lib/lib_math.c">
			<Option compilerVar="CC" />
		</Unit>
		<Unit filename="../sys/lib/lib_math.h" />
		<Unit filename="../sys/lib/lib_mem.c">
			<Option compilerVar="CC" />
		</Unit>
		<Unit filename="../sys/lib/lib_mem.h" />
		<Unit filename="../sys/lib/lib_print.c">
			<Option compilerVar="CC" />
		</Unit>
		<Unit filename="../sys/lib/lib_print.h" />
		<Unit filename="../sys/lib/lib_queue.c">
			<Option compilerVar="CC" />
		</Unit>
		<Unit filename="../sys/lib/lib_queue.h" />
		<Unit filename="../sys/lib/lib_str.c">
			<Option compilerVar="CC" />
		</Unit>
		<Unit filename="../sys/lib/lib_str.h" />
		<Extensions>
			<code_completion />
			<envvars />
			<debugger />
			<lib_finder disable_auto="1" />
		</Extensions>
	</Project>
</CodeBlocks_project_file>
