<?xml version="1.0" encoding="UTF-8" standalone="yes" ?>
<CodeBlocks_project_file>
	<FileVersion major="1" minor="6" />
	<Project>
		<Option title="nanoOS_Demo" />
		<Option pch_mode="2" />
		<Option compiler="gcc" />
		<Build>
			<Target title="Debug">
				<Option output="bin/Debug/nanoOS_Demo" prefix_auto="1" extension_auto="1" />
				<Option object_output="obj/Debug/" />
				<Option type="1" />
				<Option compiler="gcc" />
				<Compiler>
					<Add option="-g" />
					<Add directory="../app" />
					<Add directory="../core" />
				</Compiler>
			</Target>
			<Target title="Release">
				<Option output="bin/Release/nanoOS_Demo" prefix_auto="1" extension_auto="1" />
				<Option object_output="obj/Release/" />
				<Option type="1" />
				<Option compiler="gcc" />
				<Compiler>
					<Add option="-O2" />
					<Add directory="../app" />
					<Add directory="../core" />
				</Compiler>
				<Linker>
					<Add option="-s" />
				</Linker>
			</Target>
		</Build>
		<Compiler>
			<Add option="-Wall" />
			<Add directory="../app" />
			<Add directory="../core" />
		</Compiler>
		<Unit filename="../app/main.c">
			<Option compilerVar="CC" />
		</Unit>
		<Unit filename="../app/main.h" />
		<Unit filename="../app/task_main.c">
			<Option compilerVar="CC" />
		</Unit>
		<Unit filename="../app/task_main.h" />
		<Unit filename="../core/os_api.h" />
		<Unit filename="../core/os_cfg.h" />
		<Unit filename="../core/os_core.c">
			<Option compilerVar="CC" />
		</Unit>
		<Unit filename="../core/os_cpu.h" />
		<Unit filename="../core/os_def.h" />
		<Unit filename="../core/os_port.c">
			<Option compilerVar="CC" />
		</Unit>
		<Unit filename="../core/os_timer.c">
			<Option compilerVar="CC" />
		</Unit>
		<Unit filename="../core/os_type.h" />
		<Extensions>
			<code_completion />
			<envvars />
			<debugger />
			<lib_finder disable_auto="1" />
		</Extensions>
	</Project>
</CodeBlocks_project_file>
